{
  "requires": true,
  "lockfileVersion": 1,
  "dependencies": {
    "@babel/runtime": {
      "version": "7.13.10",
      "resolved": "https://registry.npmjs.org/@babel/runtime/-/runtime-7.13.10.tgz",
      "integrity": "sha512-4QPkjJq6Ns3V/RgpEahRk+AGfL0eO6RHHtTWoNNr5mO49G6B5+X6d6THgWEAvTrznU5xYpbAlVKRYcsCgh/Akw==",
      "requires": {
        "regenerator-runtime": "^0.13.4"
      }
    },
    "arrayiffy-if-string": {
      "version": "3.13.11",
      "resolved": "https://registry.npmjs.org/arrayiffy-if-string/-/arrayiffy-if-string-3.13.11.tgz",
      "integrity": "sha512-9yZXjvJYbjDd0LcQXJRjLPdMzO8z7ID99pF6+rVqVVkqixFlpWahvG5b4FSQYstSmroQJdDaPDu5fN0SLUHK7g==",
      "requires": {
        "@babel/runtime": "^7.13.10"
      }
    },
    "ast-compare": {
      "version": "2.0.11",
      "resolved": "https://registry.npmjs.org/ast-compare/-/ast-compare-2.0.11.tgz",
      "integrity": "sha512-PHQf2A791QKrsPD+6aPJJUQCDtvvGmHGxFbfbrUsMvRyEhoeQofPJZ3+Vls4kMa8hWxuuE0eS60Xhc2V/zYp4w==",
      "requires": {
        "@babel/runtime": "^7.13.10",
        "ast-contains-only-empty-space": "^2.0.11",
        "lodash.isplainobject": "^4.0.6",
        "matcher": "^4.0.0",
        "type-detect": "^4.0.8"
      }
    },
    "ast-contains-only-empty-space": {
      "version": "2.0.11",
      "resolved": "https://registry.npmjs.org/ast-contains-only-empty-space/-/ast-contains-only-empty-space-2.0.11.tgz",
      "integrity": "sha512-diwue75K6uRRWU1dEFrkAItzG+oJ7Tsy683oCbrLpIg8gYDDEc/BwyY8k978EPxxCqw6FfmcwI84ldGb3v0wMA==",
      "requires": {
        "@babel/runtime": "^7.13.10",
        "ast-monkey-traverse": "^2.0.11"
      }
    },
    "ast-is-empty": {
      "version": "2.0.11",
      "resolved": "https://registry.npmjs.org/ast-is-empty/-/ast-is-empty-2.0.11.tgz",
      "integrity": "sha512-FR2veqsu9z2iMH+eH9amQNCpej88SQV7+f9YAT6ZcgrC+FMkF5R5ljS9y1iGgb7Gfy6PlLr0+icYBT5HxEQ6WA==",
      "requires": {
        "@babel/runtime": "^7.13.10",
        "lodash.isplainobject": "^4.0.6"
      }
    },
    "ast-monkey": {
      "version": "7.13.11",
      "resolved": "https://registry.npmjs.org/ast-monkey/-/ast-monkey-7.13.11.tgz",
      "integrity": "sha512-eCOoS/GeBThMouX07Nt6xK1LhZV+CitJaXpWaOf+gR6gfIhAdkRu40B7qurgcd4g/90eGS8IC3DYWcuKEfusmQ==",
      "requires": {
        "@babel/runtime": "^7.13.10",
        "ast-compare": "^2.0.11",
        "ast-monkey-traverse": "^2.0.11",
        "check-types-mini": "^6.0.11",
        "util-array-object-or-both": "^3.0.11"
      }
    },
    "ast-monkey-traverse": {
      "version": "2.0.11",
      "resolved": "https://registry.npmjs.org/ast-monkey-traverse/-/ast-monkey-traverse-2.0.11.tgz",
      "integrity": "sha512-23RtCt1P9kgxHxBCpV8RmhttRPF5DVxKNBwLn5UZxNuop54a8hSiH3rjHvWRD1R446RqAhWRg/qLnsJhzcoESw==",
      "requires": {
        "@babel/runtime": "^7.13.10",
        "ast-monkey-util": "^1.3.11",
        "lodash.clonedeep": "^4.5.0",
        "lodash.isplainobject": "^4.0.6"
      }
    },
    "ast-monkey-util": {
      "version": "1.3.11",
      "resolved": "https://registry.npmjs.org/ast-monkey-util/-/ast-monkey-util-1.3.11.tgz",
      "integrity": "sha512-TPZbQK8qrtisw9UmQptTV3oOQIGiy1CrQq8UC/nkIS53LiGXTavCRLLRksQehPkauFs+ygBge3+mWnAovFJPnw==",
      "requires": {
        "@babel/runtime": "^7.13.10"
      }
    },
    "chart.js": {
      "version": "2.8.0",
      "resolved": "https://registry.npmjs.org/chart.js/-/chart.js-2.8.0.tgz",
      "integrity": "sha512-Di3wUL4BFvqI5FB5K26aQ+hvWh8wnP9A3DWGvXHVkO13D3DSnaSsdZx29cXlEsYKVkn1E2az+ZYFS4t0zi8x0w==",
      "requires": {
        "chartjs-color": "^2.1.0",
        "moment": "^2.10.2"
      }
    },
    "chartjs-color": {
      "version": "2.3.0",
      "resolved": "https://registry.npmjs.org/chartjs-color/-/chartjs-color-2.3.0.tgz",
      "integrity": "sha512-hEvVheqczsoHD+fZ+tfPUE+1+RbV6b+eksp2LwAhwRTVXEjCSEavvk+Hg3H6SZfGlPh/UfmWKGIvZbtobOEm3g==",
      "requires": {
        "chartjs-color-string": "^0.6.0",
        "color-convert": "^0.5.3"
      }
    },
    "chartjs-color-string": {
      "version": "0.6.0",
      "resolved": "https://registry.npmjs.org/chartjs-color-string/-/chartjs-color-string-0.6.0.tgz",
      "integrity": "sha512-TIB5OKn1hPJvO7JcteW4WY/63v6KwEdt6udfnDE9iCAZgy+V4SrbSxoIbTw/xkUIapjEI4ExGtD0+6D3KyFd7A==",
      "requires": {
        "color-name": "^1.0.0"
      }
    },
    "check-types-mini": {
      "version": "6.0.11",
      "resolved": "https://registry.npmjs.org/check-types-mini/-/check-types-mini-6.0.11.tgz",
      "integrity": "sha512-NDwquEYw8/Vl667QM51mAwBwxzDZQ3gElyJlmk4Mfiy2OND7FSo1Y7thWOQN1xddI0eJR44/h2PNi9K5n/VZBg==",
      "requires": {
        "@babel/runtime": "^7.13.10",
        "arrayiffy-if-string": "^3.13.11",
        "ast-monkey-traverse": "^2.0.11",
        "lodash.intersection": "^4.4.0",
        "lodash.pullall": "^4.2.0",
        "matcher": "^4.0.0",
        "object-path": "^0.11.5",
        "type-detect": "^4.0.8"
      }
    },
    "color-convert": {
      "version": "0.5.3",
      "resolved": "https://registry.npmjs.org/color-convert/-/color-convert-0.5.3.tgz",
      "integrity": "sha1-vbbGnOZg+t/+CwAHzER+G59ygr0="
    },
    "color-name": {
      "version": "1.1.4",
      "resolved": "https://registry.npmjs.org/color-name/-/color-name-1.1.4.tgz",
      "integrity": "sha512-dOy+3AuW3a2wNbZHIuMZpTcgjGuLU/uBL/ubcZF9OXbDo8ff4O8yVp5Bf0efS8uEoYo5q4Fx7dY9OgQGXgAsQA=="
    },
    "escape-string-regexp": {
      "version": "4.0.0",
      "resolved": "https://registry.npmjs.org/escape-string-regexp/-/escape-string-regexp-4.0.0.tgz",
      "integrity": "sha512-TtpcNJ3XAzx3Gq8sWRzJaVajRs0uVxA2YAkdb1jm2YkPz4G6egUFAyA3n5vtEIZefPk5Wa4UXbKuS5fKkJWdgA=="
    },
    "jquery": {
      "version": "3.4.1",
      "resolved": "https://registry.npmjs.org/jquery/-/jquery-3.4.1.tgz",
      "integrity": "sha512-36+AdBzCL+y6qjw5Tx7HgzeGCzC81MDDgaUP8ld2zhx58HdqXGoBd+tHdrBMiyjGQs0Hxs/MLZTu/eHNJJuWPw=="
    },
    "lodash.clonedeep": {
      "version": "4.5.0",
      "resolved": "https://registry.npmjs.org/lodash.clonedeep/-/lodash.clonedeep-4.5.0.tgz",
      "integrity": "sha1-4j8/nE+Pvd6HJSnBBxhXoIblzO8="
    },
    "lodash.includes": {
      "version": "4.3.0",
      "resolved": "https://registry.npmjs.org/lodash.includes/-/lodash.includes-4.3.0.tgz",
      "integrity": "sha1-YLuYqHy5I8aMoeUTJUgzFISfVT8="
    },
    "lodash.intersection": {
      "version": "4.4.0",
      "resolved": "https://registry.npmjs.org/lodash.intersection/-/lodash.intersection-4.4.0.tgz",
      "integrity": "sha1-ChG6Yx0OlcI8fy9Mu5ppLtF45wU="
    },
    "lodash.isplainobject": {
      "version": "4.0.6",
      "resolved": "https://registry.npmjs.org/lodash.isplainobject/-/lodash.isplainobject-4.0.6.tgz",
      "integrity": "sha1-fFJqUtibRcRcxpC4gWO+BJf1UMs="
    },
    "lodash.pullall": {
      "version": "4.2.0",
      "resolved": "https://registry.npmjs.org/lodash.pullall/-/lodash.pullall-4.2.0.tgz",
      "integrity": "sha1-nZi4UYt8llsPrkCZvZ+334u/OLo="
    },
    "matcher": {
      "version": "4.0.0",
      "resolved": "https://registry.npmjs.org/matcher/-/matcher-4.0.0.tgz",
      "integrity": "sha512-S6x5wmcDmsDRRU/c2dkccDwQPXoFczc5+HpQ2lON8pnvHlnvHAHj5WlLVvw6n6vNyHuVugYrFohYxbS+pvFpKQ==",
      "requires": {
        "escape-string-regexp": "^4.0.0"
      }
    },
    "moment": {
      "version": "2.24.0",
      "resolved": "https://registry.npmjs.org/moment/-/moment-2.24.0.tgz",
      "integrity": "sha512-bV7f+6l2QigeBBZSM/6yTNq4P2fNpSWj/0e7jQcy87A8e7o2nAfP/34/2ky5Vw4B9S446EtIhodAzkFCcR4dQg=="
    },
    "object-path": {
      "version": "0.11.5",
      "resolved": "https://registry.npmjs.org/object-path/-/object-path-0.11.5.tgz",
      "integrity": "sha512-jgSbThcoR/s+XumvGMTMf81QVBmah+/Q7K7YduKeKVWL7N111unR2d6pZZarSk6kY/caeNxUDyxOvMWyzoU2eg=="
    },
    "regenerator-runtime": {
      "version": "0.13.7",
      "resolved": "https://registry.npmjs.org/regenerator-runtime/-/regenerator-runtime-0.13.7.tgz",
      "integrity": "sha512-a54FxoJDIr27pgf7IgeQGxmqUNYrcV338lf/6gH456HZ/PhX+5BcwHXG9ajESmwe6WRO0tAzRUrRmNONWgkrew=="
    },
    "type-detect": {
      "version": "4.0.8",
      "resolved": "https://registry.npmjs.org/type-detect/-/type-detect-4.0.8.tgz",
      "integrity": "sha512-0fr/mIH1dlO+x7TlcMy+bIDqKPsw/70tVyeHW787goQjhmqaZe10uwLujubK9q9Lg6Fiho1KUKDYz0Z7k7g5/g=="
    },
    "util-array-object-or-both": {
      "version": "3.0.11",
      "resolved": "https://registry.npmjs.org/util-array-object-or-both/-/util-array-object-or-both-3.0.11.tgz",
      "integrity": "sha512-qqNIo4dChOb9+jbjVoaIy6pdYMshO7wPf4crEKMDUXN1NFGAW4IaEXGmpLqvQjCAAL/x9VdH38MudVio2g3oKQ==",
      "requires": {
        "@babel/runtime": "^7.13.10",
        "lodash.includes": "^4.3.0"
      }
    }
  }
}
